# @generated by Move, please check-in and do not edit manually.

[move]
version = 3
manifest_digest = "93B566F8D11C155C06051E07ECF7CA3EE93840B3AEB11C8E3F93E07C56233F07"
deps_digest = "F8BBB0CCB2491CA29A3DF03D6F92277A4F3574266507ACD77214D37ECA3F3082"
dependencies = [
  { id = "Sui", name = "Sui" },
]

[[move.package]]
id = "MoveStdlib"
source = { git = "https://github.com/MystenLabs/sui.git", rev = "framework/testnet", subdir = "crates/sui-framework/packages/move-stdlib" }

[[move.package]]
id = "Sui"
source = { git = "https://github.com/MystenLabs/sui.git", rev = "framework/testnet", subdir = "crates/sui-framework/packages/sui-framework" }

dependencies = [
  { id = "MoveStdlib", name = "MoveStdlib" },
]

[move.toolchain-version]
compiler-version = "1.39.2"
edition = "2024.beta"
flavor = "sui"

[env]

[env.testnet]
chain-id = "4c78adac"
original-published-id = "0x0f39cbb69576d1a2375392aa244a1a48e95650e0b97133798abf7c0c2d5380bf"
latest-published-id = "0x0f39cbb69576d1a2375392aa244a1a48e95650e0b97133798abf7c0c2d5380bf"
published-version = "1"

[env.mainnet]
chain-id = "35834a8a"
original-published-id = "0xe11d715e138e5d5896e874ca120a773095ba5916d4f4f59eae150a6e2b0c325f"
latest-published-id = "0xe11d715e138e5d5896e874ca120a773095ba5916d4f4f59eae150a6e2b0c325f"
published-version = "1"

[env.devnet]
chain-id = "5755bca6"
original-published-id = "0xcf81ad2b1ee49d45988d1df3465d88f2971f3270436081281acd911122bc348e"
latest-published-id = "0xcf81ad2b1ee49d45988d1df3465d88f2971f3270436081281acd911122bc348e"
published-version = "1"
